
Microsoft Visual Studio Solution File, Format Version 12.00
# Visual Studio Version 17
VisualStudioVersion = 17.11.35303.130
MinimumVisualStudioVersion = 10.0.40219.1
Project("{FAE04EC0-301F-11D3-BF4B-00C04F79EFBC}") = "RSSReaderWinforms", "RSSReaderWinforms\RSSReaderWinforms.csproj", "{2AAD4F48-8BCD-4EE9-8716-53AE77F34213}"
EndProject
Global
	GlobalSection(SolutionConfigurationPlatforms) = preSolution
		Debug|Any CPU = Debug|Any CPU
		Release|Any CPU = Release|Any CPU
	EndGlobalSection
	GlobalSection(ProjectConfigurationPlatforms) = postSolution
		{2AAD4F48-8BCD-4EE9-8716-53AE77F34213}.Debug|Any CPU.ActiveCfg = Debug|Any CPU
		{2AAD4F48-8BCD-4EE9-8716-53AE77F34213}.Debug|Any CPU.Build.0 = Debug|Any CPU
		{2AAD4F48-8BCD-4EE9-8716-53AE77F34213}.Release|Any CPU.ActiveCfg = Release|Any CPU
		{2AAD4F48-8BCD-4EE9-8716-53AE77F34213}.Release|Any CPU.Build.0 = Release|Any CPU
	EndGlobalSection
	GlobalSection(SolutionProperties) = preSolution
		HideSolutionNode = FALSE
	EndGlobalSection
	GlobalSection(ExtensibilityGlobals) = postSolution
		SolutionGuid = {D23A3172-E18D-4A7C-A711-A6134AFBDB1A}
	EndGlobalSection
EndGlobal
